
Microsoft Visual Studio Solution File, Format Version 12.00
# Visual Studio 15
VisualStudioVersion = 15.0.26014.0
MinimumVisualStudioVersion = 10.0.40219.1
Project("{8BC9CEB8-8B4A-11D0-8D11-00A0C91BC942}") = "c_hash_cmp_log", "c_hash_cmp_log_vs2017.vcxproj", "{CDF3CE36-18B3-362C-BEED-FB7F0B225915}"
EndProject
Global
	GlobalSection(SolutionConfigurationPlatforms) = preSolution
		Debug|x86 = Debug|x86
		MinSizeRel|x86 = MinSizeRel|x86
		Release|x86 = Release|x86
		RelWithDebInfo|x86 = RelWithDebInfo|x86
	EndGlobalSection
	GlobalSection(ProjectConfigurationPlatforms) = postSolution
		{CDF3CE36-18B3-362C-BEED-FB7F0B225915}.Debug|x86.ActiveCfg = Debug|Win32
		{CDF3CE36-18B3-362C-BEED-FB7F0B225915}.Debug|x86.Build.0 = Debug|Win32
		{CDF3CE36-18B3-362C-BEED-FB7F0B225915}.MinSizeRel|x86.ActiveCfg = MinSizeRel|Win32
		{CDF3CE36-18B3-362C-BEED-FB7F0B225915}.MinSizeRel|x86.Build.0 = MinSizeRel|Win32
		{CDF3CE36-18B3-362C-BEED-FB7F0B225915}.Release|x86.ActiveCfg = Release|Win32
		{CDF3CE36-18B3-362C-BEED-FB7F0B225915}.Release|x86.Build.0 = Release|Win32
		{CDF3CE36-18B3-362C-BEED-FB7F0B225915}.RelWithDebInfo|x86.ActiveCfg = RelWithDebInfo|Win32
		{CDF3CE36-18B3-362C-BEED-FB7F0B225915}.RelWithDebInfo|x86.Build.0 = RelWithDebInfo|Win32
	EndGlobalSection
	GlobalSection(SolutionProperties) = preSolution
		HideSolutionNode = FALSE
	EndGlobalSection
EndGlobal
